
Microsoft Visual Studio Solution File, Format Version 12.00
# Visual Studio Version 17
VisualStudioVersion = 17.3.32929.385
MinimumVisualStudioVersion = 10.0.40219.1
Project("{FAE04EC0-301F-11D3-BF4B-00C04F79EFBC}") = "Tema 1 .NET", "Tema 1 .NET\Tema 1 .NET.csproj", "{4EFF9C3F-2430-4DB7-8531-F97858314873}"
EndProject
Global
	GlobalSection(SolutionConfigurationPlatforms) = preSolution
		Debug|Any CPU = Debug|Any CPU
		Release|Any CPU = Release|Any CPU
	EndGlobalSection
	GlobalSection(ProjectConfigurationPlatforms) = postSolution
		{4EFF9C3F-2430-4DB7-8531-F97858314873}.Debug|Any CPU.ActiveCfg = Debug|Any CPU
		{4EFF9C3F-2430-4DB7-8531-F97858314873}.Debug|Any CPU.Build.0 = Debug|Any CPU
		{4EFF9C3F-2430-4DB7-8531-F97858314873}.Release|Any CPU.ActiveCfg = Release|Any CPU
		{4EFF9C3F-2430-4DB7-8531-F97858314873}.Release|Any CPU.Build.0 = Release|Any CPU
	EndGlobalSection
	GlobalSection(SolutionProperties) = preSolution
		HideSolutionNode = FALSE
	EndGlobalSection
	GlobalSection(ExtensibilityGlobals) = postSolution
		SolutionGuid = {7A1E770B-568A-43A6-BD3A-D46210AB060D}
	EndGlobalSection
EndGlobal
